// !$*UTF8*$!
{
	archiveVersion = 1;
	classes = {
	};
	objectVersion = 56;
	objects = {

/* Begin PBXBuildFile section */
		3F0B1D1C2BD21633007EA79C /* hikeData.json in Resources */ = {isa = PBXBuildFile; fileRef = 3F0B1D1B2BD21633007EA79C /* hikeData.json */; };
		3F0B1D1E2BD21651007EA79C /* Hike.swift in Sources */ = {isa = PBXBuildFile; fileRef = 3F0B1D1D2BD21651007EA79C /* Hike.swift */; };
		3F0B1D242BD21763007EA79C /* GraphCapsule.swift in Sources */ = {isa = PBXBuildFile; fileRef = 3F0B1D1F2BD21763007EA79C /* GraphCapsule.swift */; };
		3F0B1D252BD21763007EA79C /* HikeDetail.swift in Sources */ = {isa = PBXBuildFile; fileRef = 3F0B1D202BD21763007EA79C /* HikeDetail.swift */; };
		3F0B1D262BD21763007EA79C /* HikeGraph.swift in Sources */ = {isa = PBXBuildFile; fileRef = 3F0B1D212BD21763007EA79C /* HikeGraph.swift */; };
		3F0B1D272BD21763007EA79C /* HikeView.swift in Sources */ = {isa = PBXBuildFile; fileRef = 3F0B1D222BD21763007EA79C /* HikeView.swift */; };
		3F0B1D2A2BD21C1F007EA79C /* CategoryHome.swift in Sources */ = {isa = PBXBuildFile; fileRef = 3F0B1D292BD21C1F007EA79C /* CategoryHome.swift */; };
		3F88502F2BD21FE600E8C688 /* CategoryRow.swift in Sources */ = {isa = PBXBuildFile; fileRef = 3F88502E2BD21FE600E8C688 /* CategoryRow.swift */; };
		3F8850312BD2210500E8C688 /* CategoryItem.swift in Sources */ = {isa = PBXBuildFile; fileRef = 3F8850302BD2210500E8C688 /* CategoryItem.swift */; };
		3F91CC062BD2001100391AEA /* FavoriteButton.swift in Sources */ = {isa = PBXBuildFile; fileRef = 3F91CC052BD2001100391AEA /* FavoriteButton.swift */; };
		3FE8EA6D2BD2093A00C4BE40 /* HexagonParameters.swift in Sources */ = {isa = PBXBuildFile; fileRef = 3FE8EA6C2BD2093A00C4BE40 /* HexagonParameters.swift */; };
		3FE8EA6F2BD20AFF00C4BE40 /* BadgeBackground.swift in Sources */ = {isa = PBXBuildFile; fileRef = 3FE8EA6E2BD20AFF00C4BE40 /* BadgeBackground.swift */; };
		3FE8EA712BD20FD400C4BE40 /* BadgeSymbol.swift in Sources */ = {isa = PBXBuildFile; fileRef = 3FE8EA702BD20FD400C4BE40 /* BadgeSymbol.swift */; };
		3FE8EA732BD2115100C4BE40 /* RotateBadgeSymbol.swift in Sources */ = {isa = PBXBuildFile; fileRef = 3FE8EA722BD2115100C4BE40 /* RotateBadgeSymbol.swift */; };
		3FE8EA752BD212B700C4BE40 /* Badge.swift in Sources */ = {isa = PBXBuildFile; fileRef = 3FE8EA742BD212B700C4BE40 /* Badge.swift */; };
		3FEC69B92BD0E0A500162789 /* LandmarkApp.swift in Sources */ = {isa = PBXBuildFile; fileRef = 3FEC69B82BD0E0A500162789 /* LandmarkApp.swift */; };
		3FEC69BB2BD0E0A500162789 /* ContentView.swift in Sources */ = {isa = PBXBuildFile; fileRef = 3FEC69BA2BD0E0A500162789 /* ContentView.swift */; };
		3FEC69BD2BD0E0A500162789 /* Assets.xcassets in Resources */ = {isa = PBXBuildFile; fileRef = 3FEC69BC2BD0E0A500162789 /* Assets.xcassets */; };
		3FEC69C02BD0E0A500162789 /* Preview Assets.xcassets in Resources */ = {isa = PBXBuildFile; fileRef = 3FEC69BF2BD0E0A500162789 /* Preview Assets.xcassets */; };
		3FEC69CA2BD0E0A600162789 /* LandmarkTests.swift in Sources */ = {isa = PBXBuildFile; fileRef = 3FEC69C92BD0E0A600162789 /* LandmarkTests.swift */; };
		3FEC69D42BD0E0A600162789 /* LandmarkUITests.swift in Sources */ = {isa = PBXBuildFile; fileRef = 3FEC69D32BD0E0A600162789 /* LandmarkUITests.swift */; };
		3FEC69D62BD0E0A600162789 /* LandmarkUITestsLaunchTests.swift in Sources */ = {isa = PBXBuildFile; fileRef = 3FEC69D52BD0E0A600162789 /* LandmarkUITestsLaunchTests.swift */; };
		3FEC69E32BD0E62100162789 /* CircleImage.swift in Sources */ = {isa = PBXBuildFile; fileRef = 3FEC69E22BD0E62100162789 /* CircleImage.swift */; };
		3FEC69E52BD0E76300162789 /* MapView.swift in Sources */ = {isa = PBXBuildFile; fileRef = 3FEC69E42BD0E76300162789 /* MapView.swift */; };
		3FEC6A502BD0EBB100162789 /* Landmark.swift in Sources */ = {isa = PBXBuildFile; fileRef = 3FEC6A4F2BD0EBB100162789 /* Landmark.swift */; };
		3FEC6A522BD0EC5900162789 /* landmarkData.json in Resources */ = {isa = PBXBuildFile; fileRef = 3FEC6A512BD0EC5900162789 /* landmarkData.json */; };
		3FEC6A542BD0EDA500162789 /* ModelData.swift in Sources */ = {isa = PBXBuildFile; fileRef = 3FEC6A532BD0EDA500162789 /* ModelData.swift */; };
		3FEC6A592BD0EFB200162789 /* LandmarkRow.swift in Sources */ = {isa = PBXBuildFile; fileRef = 3FEC6A582BD0EFB200162789 /* LandmarkRow.swift */; };
		3FEC6A5B2BD0F17B00162789 /* LandmarkList.swift in Sources */ = {isa = PBXBuildFile; fileRef = 3FEC6A5A2BD0F17B00162789 /* LandmarkList.swift */; };
		3FEC6A5D2BD0F2D900162789 /* LandmarkDetail.swift in Sources */ = {isa = PBXBuildFile; fileRef = 3FEC6A5C2BD0F2D900162789 /* LandmarkDetail.swift */; };
/* End PBXBuildFile section */

/* Begin PBXContainerItemProxy section */
		3FEC69C62BD0E0A600162789 /* PBXContainerItemProxy */ = {
			isa = PBXContainerItemProxy;
			containerPortal = 3FEC69AD2BD0E0A500162789 /* Project object */;
			proxyType = 1;
			remoteGlobalIDString = 3FEC69B42BD0E0A500162789;
			remoteInfo = Landmark;
		};
		3FEC69D02BD0E0A600162789 /* PBXContainerItemProxy */ = {
			isa = PBXContainerItemProxy;
			containerPortal = 3FEC69AD2BD0E0A500162789 /* Project object */;
			proxyType = 1;
			remoteGlobalIDString = 3FEC69B42BD0E0A500162789;
			remoteInfo = Landmark;
		};
/* End PBXContainerItemProxy section */

/* Begin PBXFileReference section */
		3F0B1D1B2BD21633007EA79C /* hikeData.json */ = {isa = PBXFileReference; fileEncoding = 4; lastKnownFileType = text.json; path = hikeData.json; sourceTree = "<group>"; };
		3F0B1D1D2BD21651007EA79C /* Hike.swift */ = {isa = PBXFileReference; lastKnownFileType = sourcecode.swift; path = Hike.swift; sourceTree = "<group>"; };
		3F0B1D1F2BD21763007EA79C /* GraphCapsule.swift */ = {isa = PBXFileReference; fileEncoding = 4; lastKnownFileType = sourcecode.swift; path = GraphCapsule.swift; sourceTree = "<group>"; };
		3F0B1D202BD21763007EA79C /* HikeDetail.swift */ = {isa = PBXFileReference; fileEncoding = 4; lastKnownFileType = sourcecode.swift; path = HikeDetail.swift; sourceTree = "<group>"; };
		3F0B1D212BD21763007EA79C /* HikeGraph.swift */ = {isa = PBXFileReference; fileEncoding = 4; lastKnownFileType = sourcecode.swift; path = HikeGraph.swift; sourceTree = "<group>"; };
		3F0B1D222BD21763007EA79C /* HikeView.swift */ = {isa = PBXFileReference; fileEncoding = 4; lastKnownFileType = sourcecode.swift; path = HikeView.swift; sourceTree = "<group>"; };
		3F0B1D292BD21C1F007EA79C /* CategoryHome.swift */ = {isa = PBXFileReference; lastKnownFileType = sourcecode.swift; path = CategoryHome.swift; sourceTree = "<group>"; };
		3F88502E2BD21FE600E8C688 /* CategoryRow.swift */ = {isa = PBXFileReference; lastKnownFileType = sourcecode.swift; path = CategoryRow.swift; sourceTree = "<group>"; };
		3F8850302BD2210500E8C688 /* CategoryItem.swift */ = {isa = PBXFileReference; lastKnownFileType = sourcecode.swift; path = CategoryItem.swift; sourceTree = "<group>"; };
		3F91CC052BD2001100391AEA /* FavoriteButton.swift */ = {isa = PBXFileReference; lastKnownFileType = sourcecode.swift; path = FavoriteButton.swift; sourceTree = "<group>"; };
		3FE8EA6C2BD2093A00C4BE40 /* HexagonParameters.swift */ = {isa = PBXFileReference; lastKnownFileType = sourcecode.swift; path = HexagonParameters.swift; sourceTree = "<group>"; };
		3FE8EA6E2BD20AFF00C4BE40 /* BadgeBackground.swift */ = {isa = PBXFileReference; lastKnownFileType = sourcecode.swift; path = BadgeBackground.swift; sourceTree = "<group>"; };
		3FE8EA702BD20FD400C4BE40 /* BadgeSymbol.swift */ = {isa = PBXFileReference; lastKnownFileType = sourcecode.swift; path = BadgeSymbol.swift; sourceTree = "<group>"; };
		3FE8EA722BD2115100C4BE40 /* RotateBadgeSymbol.swift */ = {isa = PBXFileReference; lastKnownFileType = sourcecode.swift; path = RotateBadgeSymbol.swift; sourceTree = "<group>"; };
		3FE8EA742BD212B700C4BE40 /* Badge.swift */ = {isa = PBXFileReference; lastKnownFileType = sourcecode.swift; path = Badge.swift; sourceTree = "<group>"; };
		3FEC69B52BD0E0A500162789 /* Landmark.app */ = {isa = PBXFileReference; explicitFileType = wrapper.application; includeInIndex = 0; path = Landmark.app; sourceTree = BUILT_PRODUCTS_DIR; };
		3FEC69B82BD0E0A500162789 /* LandmarkApp.swift */ = {isa = PBXFileReference; lastKnownFileType = sourcecode.swift; path = LandmarkApp.swift; sourceTree = "<group>"; };
		3FEC69BA2BD0E0A500162789 /* ContentView.swift */ = {isa = PBXFileReference; lastKnownFileType = sourcecode.swift; path = ContentView.swift; sourceTree = "<group>"; };
		3FEC69BC2BD0E0A500162789 /* Assets.xcassets */ = {isa = PBXFileReference; lastKnownFileType = folder.assetcatalog; path = Assets.xcassets; sourceTree = "<group>"; };
		3FEC69BF2BD0E0A500162789 /* Preview Assets.xcassets */ = {isa = PBXFileReference; lastKnownFileType = folder.assetcatalog; path = "Preview Assets.xcassets"; sourceTree = "<group>"; };
		3FEC69C52BD0E0A600162789 /* LandmarkTests.xctest */ = {isa = PBXFileReference; explicitFileType = wrapper.cfbundle; includeInIndex = 0; path = LandmarkTests.xctest; sourceTree = BUILT_PRODUCTS_DIR; };
		3FEC69C92BD0E0A600162789 /* LandmarkTests.swift */ = {isa = PBXFileReference; lastKnownFileType = sourcecode.swift; path = LandmarkTests.swift; sourceTree = "<group>"; };
		3FEC69CF2BD0E0A600162789 /* LandmarkUITests.xctest */ = {isa = PBXFileReference; explicitFileType = wrapper.cfbundle; includeInIndex = 0; path = LandmarkUITests.xctest; sourceTree = BUILT_PRODUCTS_DIR; };
		3FEC69D32BD0E0A600162789 /* LandmarkUITests.swift */ = {isa = PBXFileReference; lastKnownFileType = sourcecode.swift; path = LandmarkUITests.swift; sourceTree = "<group>"; };
		3FEC69D52BD0E0A600162789 /* LandmarkUITestsLaunchTests.swift */ = {isa = PBXFileReference; lastKnownFileType = sourcecode.swift; path = LandmarkUITestsLaunchTests.swift; sourceTree = "<group>"; };
		3FEC69E22BD0E62100162789 /* CircleImage.swift */ = {isa = PBXFileReference; lastKnownFileType = sourcecode.swift; path = CircleImage.swift; sourceTree = "<group>"; };
		3FEC69E42BD0E76300162789 /* MapView.swift */ = {isa = PBXFileReference; lastKnownFileType = sourcecode.swift; path = MapView.swift; sourceTree = "<group>"; };
		3FEC6A4F2BD0EBB100162789 /* Landmark.swift */ = {isa = PBXFileReference; lastKnownFileType = sourcecode.swift; path = Landmark.swift; sourceTree = "<group>"; };
		3FEC6A512BD0EC5900162789 /* landmarkData.json */ = {isa = PBXFileReference; fileEncoding = 4; lastKnownFileType = text.json; path = landmarkData.json; sourceTree = "<group>"; };
		3FEC6A532BD0EDA500162789 /* ModelData.swift */ = {isa = PBXFileReference; lastKnownFileType = sourcecode.swift; path = ModelData.swift; sourceTree = "<group>"; };
		3FEC6A582BD0EFB200162789 /* LandmarkRow.swift */ = {isa = PBXFileReference; lastKnownFileType = sourcecode.swift; path = LandmarkRow.swift; sourceTree = "<group>"; };
		3FEC6A5A2BD0F17B00162789 /* LandmarkList.swift */ = {isa = PBXFileReference; lastKnownFileType = sourcecode.swift; path = LandmarkList.swift; sourceTree = "<group>"; };
		3FEC6A5C2BD0F2D900162789 /* LandmarkDetail.swift */ = {isa = PBXFileReference; lastKnownFileType = sourcecode.swift; path = LandmarkDetail.swift; sourceTree = "<group>"; };
/* End PBXFileReference section */

/* Begin PBXFrameworksBuildPhase section */
		3FEC69B22BD0E0A500162789 /* Frameworks */ = {
			isa = PBXFrameworksBuildPhase;
			buildActionMask = 2147483647;
			files = (
			);
			runOnlyForDeploymentPostprocessing = 0;
		};
		3FEC69C22BD0E0A600162789 /* Frameworks */ = {
			isa = PBXFrameworksBuildPhase;
			buildActionMask = 2147483647;
			files = (
			);
			runOnlyForDeploymentPostprocessing = 0;
		};
		3FEC69CC2BD0E0A600162789 /* Frameworks */ = {
			isa = PBXFrameworksBuildPhase;
			buildActionMask = 2147483647;
			files = (
			);
			runOnlyForDeploymentPostprocessing = 0;
		};
/* End PBXFrameworksBuildPhase section */

/* Begin PBXGroup section */
		3F0B1D232BD21763007EA79C /* Hikes */ = {
			isa = PBXGroup;
			children = (
				3F0B1D1F2BD21763007EA79C /* GraphCapsule.swift */,
				3F0B1D202BD21763007EA79C /* HikeDetail.swift */,
				3F0B1D212BD21763007EA79C /* HikeGraph.swift */,
				3F0B1D222BD21763007EA79C /* HikeView.swift */,
			);
			path = Hikes;
			sourceTree = "<group>";
		};
		3F0B1D282BD21C0B007EA79C /* Categories */ = {
			isa = PBXGroup;
			children = (
				3F0B1D292BD21C1F007EA79C /* CategoryHome.swift */,
				3F88502E2BD21FE600E8C688 /* CategoryRow.swift */,
				3F8850302BD2210500E8C688 /* CategoryItem.swift */,
			);
			path = Categories;
			sourceTree = "<group>";
		};
		3F91CC072BD200DD00391AEA /* Landmarks */ = {
			isa = PBXGroup;
			children = (
				3FEC6A582BD0EFB200162789 /* LandmarkRow.swift */,
				3FEC6A5C2BD0F2D900162789 /* LandmarkDetail.swift */,
				3FEC6A5A2BD0F17B00162789 /* LandmarkList.swift */,
			);
			path = Landmarks;
			sourceTree = "<group>";
		};
		3F91CC082BD200E900391AEA /* Helper */ = {
			isa = PBXGroup;
			children = (
				3FEC69E22BD0E62100162789 /* CircleImage.swift */,
				3F91CC052BD2001100391AEA /* FavoriteButton.swift */,
				3FEC69E42BD0E76300162789 /* MapView.swift */,
			);
			path = Helper;
			sourceTree = "<group>";
		};
		3FE8EA762BD2142600C4BE40 /* Badges */ = {
			isa = PBXGroup;
			children = (
				3FE8EA6C2BD2093A00C4BE40 /* HexagonParameters.swift */,
				3FE8EA6E2BD20AFF00C4BE40 /* BadgeBackground.swift */,
				3FE8EA702BD20FD400C4BE40 /* BadgeSymbol.swift */,
				3FE8EA722BD2115100C4BE40 /* RotateBadgeSymbol.swift */,
				3FE8EA742BD212B700C4BE40 /* Badge.swift */,
			);
			path = Badges;
			sourceTree = "<group>";
		};
		3FEC69AC2BD0E0A500162789 = {
			isa = PBXGroup;
			children = (
				3FEC69B72BD0E0A500162789 /* Landmark */,
				3FEC69C82BD0E0A600162789 /* LandmarkTests */,
				3FEC69D22BD0E0A600162789 /* LandmarkUITests */,
				3FEC69B62BD0E0A500162789 /* Products */,
			);
			sourceTree = "<group>";
		};
		3FEC69B62BD0E0A500162789 /* Products */ = {
			isa = PBXGroup;
			children = (
				3FEC69B52BD0E0A500162789 /* Landmark.app */,
				3FEC69C52BD0E0A600162789 /* LandmarkTests.xctest */,
				3FEC69CF2BD0E0A600162789 /* LandmarkUITests.xctest */,
			);
			name = Products;
			sourceTree = "<group>";
		};
		3FEC69B72BD0E0A500162789 /* Landmark */ = {
			isa = PBXGroup;
			children = (
				3FEC6A562BD0EEE700162789 /* Model */,
				3FEC6A552BD0EECC00162789 /* Views */,
				3FEC6A572BD0EEFE00162789 /* Resources */,
				3FEC69B82BD0E0A500162789 /* LandmarkApp.swift */,
				3FEC69BC2BD0E0A500162789 /* Assets.xcassets */,
				3FEC69BE2BD0E0A500162789 /* Preview Content */,
			);
			path = Landmark;
			sourceTree = "<group>";
		};
		3FEC69BE2BD0E0A500162789 /* Preview Content */ = {
			isa = PBXGroup;
			children = (
				3FEC69BF2BD0E0A500162789 /* Preview Assets.xcassets */,
			);
			path = "Preview Content";
			sourceTree = "<group>";
		};
		3FEC69C82BD0E0A600162789 /* LandmarkTests */ = {
			isa = PBXGroup;
			children = (
				3FEC69C92BD0E0A600162789 /* LandmarkTests.swift */,
			);
			path = LandmarkTests;
			sourceTree = "<group>";
		};
		3FEC69D22BD0E0A600162789 /* LandmarkUITests */ = {
			isa = PBXGroup;
			children = (
				3FEC69D32BD0E0A600162789 /* LandmarkUITests.swift */,
				3FEC69D52BD0E0A600162789 /* LandmarkUITestsLaunchTests.swift */,
			);
			path = LandmarkUITests;
			sourceTree = "<group>";
		};
		3FEC6A552BD0EECC00162789 /* Views */ = {
			isa = PBXGroup;
			children = (
				3FEC69BA2BD0E0A500162789 /* ContentView.swift */,
				3F0B1D282BD21C0B007EA79C /* Categories */,
				3FE8EA762BD2142600C4BE40 /* Badges */,
				3F91CC082BD200E900391AEA /* Helper */,
				3F91CC072BD200DD00391AEA /* Landmarks */,
				3F0B1D232BD21763007EA79C /* Hikes */,
			);
			path = Views;
			sourceTree = "<group>";
		};
		3FEC6A562BD0EEE700162789 /* Model */ = {
			isa = PBXGroup;
			children = (
				3FEC6A4F2BD0EBB100162789 /* Landmark.swift */,
				3FEC6A532BD0EDA500162789 /* ModelData.swift */,
				3F0B1D1D2BD21651007EA79C /* Hike.swift */,
			);
			path = Model;
			sourceTree = "<group>";
		};
		3FEC6A572BD0EEFE00162789 /* Resources */ = {
			isa = PBXGroup;
			children = (
				3F0B1D1B2BD21633007EA79C /* hikeData.json */,
				3FEC6A512BD0EC5900162789 /* landmarkData.json */,
			);
			path = Resources;
			sourceTree = "<group>";
		};
/* End PBXGroup section */

/* Begin PBXNativeTarget section */
		3FEC69B42BD0E0A500162789 /* Landmark */ = {
			isa = PBXNativeTarget;
			buildConfigurationList = 3FEC69D92BD0E0A600162789 /* Build configuration list for PBXNativeTarget "Landmark" */;
			buildPhases = (
				3FEC69B12BD0E0A500162789 /* Sources */,
				3FEC69B22BD0E0A500162789 /* Frameworks */,
				3FEC69B32BD0E0A500162789 /* Resources */,
			);
			buildRules = (
			);
			dependencies = (
			);
			name = Landmark;
			productName = Landmark;
			productReference = 3FEC69B52BD0E0A500162789 /* Landmark.app */;
			productType = "com.apple.product-type.application";
		};
		3FEC69C42BD0E0A600162789 /* LandmarkTests */ = {
			isa = PBXNativeTarget;
			buildConfigurationList = 3FEC69DC2BD0E0A600162789 /* Build configuration list for PBXNativeTarget "LandmarkTests" */;
			buildPhases = (
				3FEC69C12BD0E0A600162789 /* Sources */,
				3FEC69C22BD0E0A600162789 /* Frameworks */,
				3FEC69C32BD0E0A600162789 /* Resources */,
			);
			buildRules = (
			);
			dependencies = (
				3FEC69C72BD0E0A600162789 /* PBXTargetDependency */,
			);
			name = LandmarkTests;
			productName = LandmarkTests;
			productReference = 3FEC69C52BD0E0A600162789 /* LandmarkTests.xctest */;
			productType = "com.apple.product-type.bundle.unit-test";
		};
		3FEC69CE2BD0E0A600162789 /* LandmarkUITests */ = {
			isa = PBXNativeTarget;
			buildConfigurationList = 3FEC69DF2BD0E0A600162789 /* Build configuration list for PBXNativeTarget "LandmarkUITests" */;
			buildPhases = (
				3FEC69CB2BD0E0A600162789 /* Sources */,
				3FEC69CC2BD0E0A600162789 /* Frameworks */,
				3FEC69CD2BD0E0A600162789 /* Resources */,
			);
			buildRules = (
			);
			dependencies = (
				3FEC69D12BD0E0A600162789 /* PBXTargetDependency */,
			);
			name = LandmarkUITests;
			productName = LandmarkUITests;
			productReference = 3FEC69CF2BD0E0A600162789 /* LandmarkUITests.xctest */;
			productType = "com.apple.product-type.bundle.ui-testing";
		};
/* End PBXNativeTarget section */

/* Begin PBXProject section */
		3FEC69AD2BD0E0A500162789 /* Project object */ = {
			isa = PBXProject;
			attributes = {
				BuildIndependentTargetsInParallel = 1;
				LastSwiftUpdateCheck = 1530;
				LastUpgradeCheck = 1530;
				TargetAttributes = {
					3FEC69B42BD0E0A500162789 = {
						CreatedOnToolsVersion = 15.3;
					};
					3FEC69C42BD0E0A600162789 = {
						CreatedOnToolsVersion = 15.3;
						TestTargetID = 3FEC69B42BD0E0A500162789;
					};
					3FEC69CE2BD0E0A600162789 = {
						CreatedOnToolsVersion = 15.3;
						TestTargetID = 3FEC69B42BD0E0A500162789;
					};
				};
			};
			buildConfigurationList = 3FEC69B02BD0E0A500162789 /* Build configuration list for PBXProject "Landmark" */;
			compatibilityVersion = "Xcode 14.0";
			developmentRegion = en;
			hasScannedForEncodings = 0;
			knownRegions = (
				en,
				Base,
			);
			mainGroup = 3FEC69AC2BD0E0A500162789;
			productRefGroup = 3FEC69B62BD0E0A500162789 /* Products */;
			projectDirPath = "";
			projectRoot = "";
			targets = (
				3FEC69B42BD0E0A500162789 /* Landmark */,
				3FEC69C42BD0E0A600162789 /* LandmarkTests */,
				3FEC69CE2BD0E0A600162789 /* LandmarkUITests */,
			);
		};
/* End PBXProject section */

/* Begin PBXResourcesBuildPhase section */
		3FEC69B32BD0E0A500162789 /* Resources */ = {
			isa = PBXResourcesBuildPhase;
			buildActionMask = 2147483647;
			files = (
				3F0B1D1C2BD21633007EA79C /* hikeData.json in Resources */,
				3FEC69C02BD0E0A500162789 /* Preview Assets.xcassets in Resources */,
				3FEC69BD2BD0E0A500162789 /* Assets.xcassets in Resources */,
				3FEC6A522BD0EC5900162789 /* landmarkData.json in Resources */,
			);
			runOnlyForDeploymentPostprocessing = 0;
		};
		3FEC69C32BD0E0A600162789 /* Resources */ = {
			isa = PBXResourcesBuildPhase;
			buildActionMask = 2147483647;
			files = (
			);
			runOnlyForDeploymentPostprocessing = 0;
		};
		3FEC69CD2BD0E0A600162789 /* Resources */ = {
			isa = PBXResourcesBuildPhase;
			buildActionMask = 2147483647;
			files = (
			);
			runOnlyForDeploymentPostprocessing = 0;
		};
/* End PBXResourcesBuildPhase section */

/* Begin PBXSourcesBuildPhase section */
		3FEC69B12BD0E0A500162789 /* Sources */ = {
			isa = PBXSourcesBuildPhase;
			buildActionMask = 2147483647;
			files = (
				3F88502F2BD21FE600E8C688 /* CategoryRow.swift in Sources */,
				3FEC69BB2BD0E0A500162789 /* ContentView.swift in Sources */,
				3F0B1D2A2BD21C1F007EA79C /* CategoryHome.swift in Sources */,
				3FE8EA752BD212B700C4BE40 /* Badge.swift in Sources */,
				3FEC69E52BD0E76300162789 /* MapView.swift in Sources */,
				3F0B1D242BD21763007EA79C /* GraphCapsule.swift in Sources */,
				3F0B1D262BD21763007EA79C /* HikeGraph.swift in Sources */,
				3FE8EA732BD2115100C4BE40 /* RotateBadgeSymbol.swift in Sources */,
				3FEC6A502BD0EBB100162789 /* Landmark.swift in Sources */,
				3F8850312BD2210500E8C688 /* CategoryItem.swift in Sources */,
				3F91CC062BD2001100391AEA /* FavoriteButton.swift in Sources */,
				3F0B1D1E2BD21651007EA79C /* Hike.swift in Sources */,
				3FE8EA6D2BD2093A00C4BE40 /* HexagonParameters.swift in Sources */,
				3FE8EA712BD20FD400C4BE40 /* BadgeSymbol.swift in Sources */,
				3FEC6A5B2BD0F17B00162789 /* LandmarkList.swift in Sources */,
				3F0B1D252BD21763007EA79C /* HikeDetail.swift in Sources */,
				3F0B1D272BD21763007EA79C /* HikeView.swift in Sources */,
				3FEC6A5D2BD0F2D900162789 /* LandmarkDetail.swift in Sources */,
				3FE8EA6F2BD20AFF00C4BE40 /* BadgeBackground.swift in Sources */,
				3FEC69B92BD0E0A500162789 /* LandmarkApp.swift in Sources */,
				3FEC69E32BD0E62100162789 /* CircleImage.swift in Sources */,
				3FEC6A592BD0EFB200162789 /* LandmarkRow.swift in Sources */,
				3FEC6A542BD0EDA500162789 /* ModelData.swift in Sources */,
			);
			runOnlyForDeploymentPostprocessing = 0;
		};
		3FEC69C12BD0E0A600162789 /* Sources */ = {
			isa = PBXSourcesBuildPhase;
			buildActionMask = 2147483647;
			files = (
				3FEC69CA2BD0E0A600162789 /* LandmarkTests.swift in Sources */,
			);
			runOnlyForDeploymentPostprocessing = 0;
		};
		3FEC69CB2BD0E0A600162789 /* Sources */ = {
			isa = PBXSourcesBuildPhase;
			buildActionMask = 2147483647;
			files = (
				3FEC69D62BD0E0A600162789 /* LandmarkUITestsLaunchTests.swift in Sources */,
				3FEC69D42BD0E0A600162789 /* LandmarkUITests.swift in Sources */,
			);
			runOnlyForDeploymentPostprocessing = 0;
		};
/* End PBXSourcesBuildPhase section */

/* Begin PBXTargetDependency section */
		3FEC69C72BD0E0A600162789 /* PBXTargetDependency */ = {
			isa = PBXTargetDependency;
			target = 3FEC69B42BD0E0A500162789 /* Landmark */;
			targetProxy = 3FEC69C62BD0E0A600162789 /* PBXContainerItemProxy */;
		};
		3FEC69D12BD0E0A600162789 /* PBXTargetDependency */ = {
			isa = PBXTargetDependency;
			target = 3FEC69B42BD0E0A500162789 /* Landmark */;
			targetProxy = 3FEC69D02BD0E0A600162789 /* PBXContainerItemProxy */;
		};
/* End PBXTargetDependency section */

/* Begin XCBuildConfiguration section */
		3FEC69D72BD0E0A600162789 /* Debug */ = {
			isa = XCBuildConfiguration;
			buildSettings = {
				ALWAYS_SEARCH_USER_PATHS = NO;
				ASSETCATALOG_COMPILER_GENERATE_SWIFT_ASSET_SYMBOL_EXTENSIONS = YES;
				CLANG_ANALYZER_NONNULL = YES;
				CLANG_ANALYZER_NUMBER_OBJECT_CONVERSION = YES_AGGRESSIVE;
				CLANG_CXX_LANGUAGE_STANDARD = "gnu++20";
				CLANG_ENABLE_MODULES = YES;
				CLANG_ENABLE_OBJC_ARC = YES;
				CLANG_ENABLE_OBJC_WEAK = YES;
				CLANG_WARN_BLOCK_CAPTURE_AUTORELEASING = YES;
				CLANG_WARN_BOOL_CONVERSION = YES;
				CLANG_WARN_COMMA = YES;
				CLANG_WARN_CONSTANT_CONVERSION = YES;
				CLANG_WARN_DEPRECATED_OBJC_IMPLEMENTATIONS = YES;
				CLANG_WARN_DIRECT_OBJC_ISA_USAGE = YES_ERROR;
				CLANG_WARN_DOCUMENTATION_COMMENTS = YES;
				CLANG_WARN_EMPTY_BODY = YES;
				CLANG_WARN_ENUM_CONVERSION = YES;
				CLANG_WARN_INFINITE_RECURSION = YES;
				CLANG_WARN_INT_CONVERSION = YES;
				CLANG_WARN_NON_LITERAL_NULL_CONVERSION = YES;
				CLANG_WARN_OBJC_IMPLICIT_RETAIN_SELF = YES;
				CLANG_WARN_OBJC_LITERAL_CONVERSION = YES;
				CLANG_WARN_OBJC_ROOT_CLASS = YES_ERROR;
				CLANG_WARN_QUOTED_INCLUDE_IN_FRAMEWORK_HEADER = YES;
				CLANG_WARN_RANGE_LOOP_ANALYSIS = YES;
				CLANG_WARN_STRICT_PROTOTYPES = YES;
				CLANG_WARN_SUSPICIOUS_MOVE = YES;
				CLANG_WARN_UNGUARDED_AVAILABILITY = YES_AGGRESSIVE;
				CLANG_WARN_UNREACHABLE_CODE = YES;
				CLANG_WARN__DUPLICATE_METHOD_MATCH = YES;
				COPY_PHASE_STRIP = NO;
				DEBUG_INFORMATION_FORMAT = dwarf;
				ENABLE_STRICT_OBJC_MSGSEND = YES;
				ENABLE_TESTABILITY = YES;
				ENABLE_USER_SCRIPT_SANDBOXING = YES;
				GCC_C_LANGUAGE_STANDARD = gnu17;
				GCC_DYNAMIC_NO_PIC = NO;
				GCC_NO_COMMON_BLOCKS = YES;
				GCC_OPTIMIZATION_LEVEL = 0;
				GCC_PREPROCESSOR_DEFINITIONS = (
					"DEBUG=1",
					"$(inherited)",
				);
				GCC_WARN_64_TO_32_BIT_CONVERSION = YES;
				GCC_WARN_ABOUT_RETURN_TYPE = YES_ERROR;
				GCC_WARN_UNDECLARED_SELECTOR = YES;
				GCC_WARN_UNINITIALIZED_AUTOS = YES_AGGRESSIVE;
				GCC_WARN_UNUSED_FUNCTION = YES;
				GCC_WARN_UNUSED_VARIABLE = YES;
				IPHONEOS_DEPLOYMENT_TARGET = 17.4;
				LOCALIZATION_PREFERS_STRING_CATALOGS = YES;
				MTL_ENABLE_DEBUG_INFO = INCLUDE_SOURCE;
				MTL_FAST_MATH = YES;
				ONLY_ACTIVE_ARCH = YES;
				SDKROOT = iphoneos;
				SWIFT_ACTIVE_COMPILATION_CONDITIONS = "DEBUG $(inherited)";
				SWIFT_OPTIMIZATION_LEVEL = "-Onone";
			};
			name = Debug;
		};
		3FEC69D82BD0E0A600162789 /* Release */ = {
			isa = XCBuildConfiguration;
			buildSettings = {
				ALWAYS_SEARCH_USER_PATHS = NO;
				ASSETCATALOG_COMPILER_GENERATE_SWIFT_ASSET_SYMBOL_EXTENSIONS = YES;
				CLANG_ANALYZER_NONNULL = YES;
				CLANG_ANALYZER_NUMBER_OBJECT_CONVERSION = YES_AGGRESSIVE;
				CLANG_CXX_LANGUAGE_STANDARD = "gnu++20";
				CLANG_ENABLE_MODULES = YES;
				CLANG_ENABLE_OBJC_ARC = YES;
				CLANG_ENABLE_OBJC_WEAK = YES;
				CLANG_WARN_BLOCK_CAPTURE_AUTORELEASING = YES;
				CLANG_WARN_BOOL_CONVERSION = YES;
				CLANG_WARN_COMMA = YES;
				CLANG_WARN_CONSTANT_CONVERSION = YES;
				CLANG_WARN_DEPRECATED_OBJC_IMPLEMENTATIONS = YES;
				CLANG_WARN_DIRECT_OBJC_ISA_USAGE = YES_ERROR;
				CLANG_WARN_DOCUMENTATION_COMMENTS = YES;
				CLANG_WARN_EMPTY_BODY = YES;
				CLANG_WARN_ENUM_CONVERSION = YES;
				CLANG_WARN_INFINITE_RECURSION = YES;
				CLANG_WARN_INT_CONVERSION = YES;
				CLANG_WARN_NON_LITERAL_NULL_CONVERSION = YES;
				CLANG_WARN_OBJC_IMPLICIT_RETAIN_SELF = YES;
				CLANG_WARN_OBJC_LITERAL_CONVERSION = YES;
				CLANG_WARN_OBJC_ROOT_CLASS = YES_ERROR;
				CLANG_WARN_QUOTED_INCLUDE_IN_FRAMEWORK_HEADER = YES;
				CLANG_WARN_RANGE_LOOP_ANALYSIS = YES;
				CLANG_WARN_STRICT_PROTOTYPES = YES;
				CLANG_WARN_SUSPICIOUS_MOVE = YES;
				CLANG_WARN_UNGUARDED_AVAILABILITY = YES_AGGRESSIVE;
				CLANG_WARN_UNREACHABLE_CODE = YES;
				CLANG_WARN__DUPLICATE_METHOD_MATCH = YES;
				COPY_PHASE_STRIP = NO;
				DEBUG_INFORMATION_FORMAT = "dwarf-with-dsym";
				ENABLE_NS_ASSERTIONS = NO;
				ENABLE_STRICT_OBJC_MSGSEND = YES;
				ENABLE_USER_SCRIPT_SANDBOXING = YES;
				GCC_C_LANGUAGE_STANDARD = gnu17;
				GCC_NO_COMMON_BLOCKS = YES;
				GCC_WARN_64_TO_32_BIT_CONVERSION = YES;
				GCC_WARN_ABOUT_RETURN_TYPE = YES_ERROR;
				GCC_WARN_UNDECLARED_SELECTOR = YES;
				GCC_WARN_UNINITIALIZED_AUTOS = YES_AGGRESSIVE;
				GCC_WARN_UNUSED_FUNCTION = YES;
				GCC_WARN_UNUSED_VARIABLE = YES;
				IPHONEOS_DEPLOYMENT_TARGET = 17.4;
				LOCALIZATION_PREFERS_STRING_CATALOGS = YES;
				MTL_ENABLE_DEBUG_INFO = NO;
				MTL_FAST_MATH = YES;
				SDKROOT = iphoneos;
				SWIFT_COMPILATION_MODE = wholemodule;
				VALIDATE_PRODUCT = YES;
			};
			name = Release;
		};
		3FEC69DA2BD0E0A600162789 /* Debug */ = {
			isa = XCBuildConfiguration;
			buildSettings = {
				ASSETCATALOG_COMPILER_APPICON_NAME = AppIcon;
				ASSETCATALOG_COMPILER_GLOBAL_ACCENT_COLOR_NAME = AccentColor;
				CODE_SIGN_STYLE = Automatic;
				CURRENT_PROJECT_VERSION = 1;
				DEVELOPMENT_ASSET_PATHS = "\"Landmark/Preview Content\"";
				ENABLE_PREVIEWS = YES;
				GENERATE_INFOPLIST_FILE = YES;
				INFOPLIST_KEY_UIApplicationSceneManifest_Generation = YES;
				INFOPLIST_KEY_UIApplicationSupportsIndirectInputEvents = YES;
				INFOPLIST_KEY_UILaunchScreen_Generation = YES;
				INFOPLIST_KEY_UISupportedInterfaceOrientations_iPad = "UIInterfaceOrientationPortrait UIInterfaceOrientationPortraitUpsideDown UIInterfaceOrientationLandscapeLeft UIInterfaceOrientationLandscapeRight";
				INFOPLIST_KEY_UISupportedInterfaceOrientations_iPhone = "UIInterfaceOrientationPortrait UIInterfaceOrientationLandscapeLeft UIInterfaceOrientationLandscapeRight";
				LD_RUNPATH_SEARCH_PATHS = (
					"$(inherited)",
					"@executable_path/Frameworks",
				);
				MARKETING_VERSION = 1.0;
				PRODUCT_BUNDLE_IDENTIFIER = UC.Landmark;
				PRODUCT_NAME = "$(TARGET_NAME)";
				SWIFT_EMIT_LOC_STRINGS = YES;
				SWIFT_VERSION = 5.0;
				TARGETED_DEVICE_FAMILY = "1,2";
			};
			name = Debug;
		};
		3FEC69DB2BD0E0A600162789 /* Release */ = {
			isa = XCBuildConfiguration;
			buildSettings = {
				ASSETCATALOG_COMPILER_APPICON_NAME = AppIcon;
				ASSETCATALOG_COMPILER_GLOBAL_ACCENT_COLOR_NAME = AccentColor;
				CODE_SIGN_STYLE = Automatic;
				CURRENT_PROJECT_VERSION = 1;
				DEVELOPMENT_ASSET_PATHS = "\"Landmark/Preview Content\"";
				ENABLE_PREVIEWS = YES;
				GENERATE_INFOPLIST_FILE = YES;
				INFOPLIST_KEY_UIApplicationSceneManifest_Generation = YES;
				INFOPLIST_KEY_UIApplicationSupportsIndirectInputEvents = YES;
				INFOPLIST_KEY_UILaunchScreen_Generation = YES;
				INFOPLIST_KEY_UISupportedInterfaceOrientations_iPad = "UIInterfaceOrientationPortrait UIInterfaceOrientationPortraitUpsideDown UIInterfaceOrientationLandscapeLeft UIInterfaceOrientationLandscapeRight";
				INFOPLIST_KEY_UISupportedInterfaceOrientations_iPhone = "UIInterfaceOrientationPortrait UIInterfaceOrientationLandscapeLeft UIInterfaceOrientationLandscapeRight";
				LD_RUNPATH_SEARCH_PATHS = (
					"$(inherited)",
					"@executable_path/Frameworks",
				);
				MARKETING_VERSION = 1.0;
				PRODUCT_BUNDLE_IDENTIFIER = UC.Landmark;
				PRODUCT_NAME = "$(TARGET_NAME)";
				SWIFT_EMIT_LOC_STRINGS = YES;
				SWIFT_VERSION = 5.0;
				TARGETED_DEVICE_FAMILY = "1,2";
			};
			name = Release;
		};
		3FEC69DD2BD0E0A600162789 /* Debug */ = {
			isa = XCBuildConfiguration;
			buildSettings = {
				ALWAYS_EMBED_SWIFT_STANDARD_LIBRARIES = YES;
				BUNDLE_LOADER = "$(TEST_HOST)";
				CODE_SIGN_STYLE = Automatic;
				CURRENT_PROJECT_VERSION = 1;
				GENERATE_INFOPLIST_FILE = YES;
				IPHONEOS_DEPLOYMENT_TARGET = 17.4;
				MARKETING_VERSION = 1.0;
				PRODUCT_BUNDLE_IDENTIFIER = UC.LandmarkTests;
				PRODUCT_NAME = "$(TARGET_NAME)";
				SWIFT_EMIT_LOC_STRINGS = NO;
				SWIFT_VERSION = 5.0;
				TARGETED_DEVICE_FAMILY = "1,2";
				TEST_HOST = "$(BUILT_PRODUCTS_DIR)/Landmark.app/$(BUNDLE_EXECUTABLE_FOLDER_PATH)/Landmark";
			};
			name = Debug;
		};
		3FEC69DE2BD0E0A600162789 /* Release */ = {
			isa = XCBuildConfiguration;
			buildSettings = {
				ALWAYS_EMBED_SWIFT_STANDARD_LIBRARIES = YES;
				BUNDLE_LOADER = "$(TEST_HOST)";
				CODE_SIGN_STYLE = Automatic;
				CURRENT_PROJECT_VERSION = 1;
				GENERATE_INFOPLIST_FILE = YES;
				IPHONEOS_DEPLOYMENT_TARGET = 17.4;
				MARKETING_VERSION = 1.0;
				PRODUCT_BUNDLE_IDENTIFIER = UC.LandmarkTests;
				PRODUCT_NAME = "$(TARGET_NAME)";
				SWIFT_EMIT_LOC_STRINGS = NO;
				SWIFT_VERSION = 5.0;
				TARGETED_DEVICE_FAMILY = "1,2";
				TEST_HOST = "$(BUILT_PRODUCTS_DIR)/Landmark.app/$(BUNDLE_EXECUTABLE_FOLDER_PATH)/Landmark";
			};
			name = Release;
		};
		3FEC69E02BD0E0A600162789 /* Debug */ = {
			isa = XCBuildConfiguration;
			buildSettings = {
				ALWAYS_EMBED_SWIFT_STANDARD_LIBRARIES = YES;
				CODE_SIGN_STYLE = Automatic;
				CURRENT_PROJECT_VERSION = 1;
				GENERATE_INFOPLIST_FILE = YES;
				MARKETING_VERSION = 1.0;
				PRODUCT_BUNDLE_IDENTIFIER = UC.LandmarkUITests;
				PRODUCT_NAME = "$(TARGET_NAME)";
				SWIFT_EMIT_LOC_STRINGS = NO;
				SWIFT_VERSION = 5.0;
				TARGETED_DEVICE_FAMILY = "1,2";
				TEST_TARGET_NAME = Landmark;
			};
			name = Debug;
		};
		3FEC69E12BD0E0A600162789 /* Release */ = {
			isa = XCBuildConfiguration;
			buildSettings = {
				ALWAYS_EMBED_SWIFT_STANDARD_LIBRARIES = YES;
				CODE_SIGN_STYLE = Automatic;
				CURRENT_PROJECT_VERSION = 1;
				GENERATE_INFOPLIST_FILE = YES;
				MARKETING_VERSION = 1.0;
				PRODUCT_BUNDLE_IDENTIFIER = UC.LandmarkUITests;
				PRODUCT_NAME = "$(TARGET_NAME)";
				SWIFT_EMIT_LOC_STRINGS = NO;
				SWIFT_VERSION = 5.0;
				TARGETED_DEVICE_FAMILY = "1,2";
				TEST_TARGET_NAME = Landmark;
			};
			name = Release;
		};
/* End XCBuildConfiguration section */

/* Begin XCConfigurationList section */
		3FEC69B02BD0E0A500162789 /* Build configuration list for PBXProject "Landmark" */ = {
			isa = XCConfigurationList;
			buildConfigurations = (
				3FEC69D72BD0E0A600162789 /* Debug */,
				3FEC69D82BD0E0A600162789 /* Release */,
			);
			defaultConfigurationIsVisible = 0;
			defaultConfigurationName = Release;
		};
		3FEC69D92BD0E0A600162789 /* Build configuration list for PBXNativeTarget "Landmark" */ = {
			isa = XCConfigurationList;
			buildConfigurations = (
				3FEC69DA2BD0E0A600162789 /* Debug */,
				3FEC69DB2BD0E0A600162789 /* Release */,
			);
			defaultConfigurationIsVisible = 0;
			defaultConfigurationName = Release;
		};
		3FEC69DC2BD0E0A600162789 /* Build configuration list for PBXNativeTarget "LandmarkTests" */ = {
			isa = XCConfigurationList;
			buildConfigurations = (
				3FEC69DD2BD0E0A600162789 /* Debug */,
				3FEC69DE2BD0E0A600162789 /* Release */,
			);
			defaultConfigurationIsVisible = 0;
			defaultConfigurationName = Release;
		};
		3FEC69DF2BD0E0A600162789 /* Build configuration list for PBXNativeTarget "LandmarkUITests" */ = {
			isa = XCConfigurationList;
			buildConfigurations = (
				3FEC69E02BD0E0A600162789 /* Debug */,
				3FEC69E12BD0E0A600162789 /* Release */,
			);
			defaultConfigurationIsVisible = 0;
			defaultConfigurationName = Release;
		};
/* End XCConfigurationList section */
	};
	rootObject = 3FEC69AD2BD0E0A500162789 /* Project object */;
}
